
Microsoft Visual Studio Solution File, Format Version 12.00
# Visual Studio Version 17
VisualStudioVersion = 17.3.32819.101
MinimumVisualStudioVersion = 10.0.40219.1
Project("{2150E333-8FDC-42A3-9474-1A3956D46DE8}") = "src", "src", "{8684105F-1559-448A-994A-6C06DD08220E}"
EndProject
Project("{2150E333-8FDC-42A3-9474-1A3956D46DE8}") = "AdvertBoard", "AdvertBoard", "{0E443DCC-CE93-43FC-87C8-92E38C7BAF81}"
EndProject
Project("{2150E333-8FDC-42A3-9474-1A3956D46DE8}") = "Infrastructure", "Infrastructure", "{51A1C00C-FB75-492E-9B8F-B67654B9730F}"
	ProjectSection(SolutionItems) = preProject
		src\AdvertBoard\Infrastructure\AdvertBoard.Infrastructure\AdvertBoard.Infrastructure.csproj = src\AdvertBoard\Infrastructure\AdvertBoard.Infrastructure\AdvertBoard.Infrastructure.csproj
	EndProjectSection
EndProject
Project("{2150E333-8FDC-42A3-9474-1A3956D46DE8}") = "Application", "Application", "{A5C9A28C-4748-4428-A5CD-A72517C4059F}"
EndProject
Project("{9A19103F-16F7-4668-BE54-9A1E7A4F7556}") = "AdvertBoard.AppServices", "src\AdvertBoard\Application\AdvertBoard.AppServices\AdvertBoard.AppServices.csproj", "{526426D9-BF0E-4FF1-A3B5-7E09574B32B8}"
EndProject
Project("{2150E333-8FDC-42A3-9474-1A3956D46DE8}") = "Tests", "Tests", "{94571733-122F-4E84-8FA4-0993CCEE0CC7}"
EndProject
Project("{9A19103F-16F7-4668-BE54-9A1E7A4F7556}") = "AdvertBoard.Tests", "src\AdvertBoard\Tests\AdvertBoardTests\AdvertBoard.Tests.csproj", "{DA9BC3EB-4D1E-44E1-8F75-908EE8C2E010}"
EndProject
Project("{2150E333-8FDC-42A3-9474-1A3956D46DE8}") = "misc", "misc", "{454CC0C6-1028-4D40-82F9-E38D3556D026}"
	ProjectSection(SolutionItems) = preProject
		add-migration.bat = add-migration.bat
		docker-compose.yml = docker-compose.yml
		README.md = README.md
		update-database.bat = update-database.bat
	EndProjectSection
EndProject
Project("{9A19103F-16F7-4668-BE54-9A1E7A4F7556}") = "AdvertBoard.Api", "src\AdvertBoard\Hosts\AdvertBoard.Api\AdvertBoard.Api.csproj", "{353C02EF-E2E6-44D4-88E1-6DCB5C4B927F}"
EndProject
Project("{2150E333-8FDC-42A3-9474-1A3956D46DE8}") = "Hosts", "Hosts", "{76481BCD-7EBE-4CE5-8D8C-0CD24CD46ECC}"
EndProject
Project("{2150E333-8FDC-42A3-9474-1A3956D46DE8}") = "Domain", "Domain", "{1B5D104C-AA79-4744-8078-A89342F0D6C5}"
EndProject
Project("{9A19103F-16F7-4668-BE54-9A1E7A4F7556}") = "AdvertBoard.Domain", "src\AdvertBoard\Domain\AdvertBoard.Domain\AdvertBoard.Domain.csproj", "{3122B8A3-39D9-490A-8919-B5C770D42276}"
EndProject
Project("{2150E333-8FDC-42A3-9474-1A3956D46DE8}") = "Contracts", "Contracts", "{6B34C92E-5678-434C-8359-2188E6A8262B}"
EndProject
Project("{9A19103F-16F7-4668-BE54-9A1E7A4F7556}") = "AdvertBoard.Contracts", "src\AdvertBoard\Contracts\AdvertBoard.Contracts\AdvertBoard.Contracts.csproj", "{0D3BBEAE-1E20-4812-B7D1-06CADBC7CA74}"
EndProject
Project("{9A19103F-16F7-4668-BE54-9A1E7A4F7556}") = "AdvertBoard.Registrar", "src\AdvertBoard\Infrastructure\AdvertBoard.Registrar\AdvertBoard.Registrar.csproj", "{1999E103-2930-4C83-B3A0-D18C5870AC7C}"
EndProject
Project("{9A19103F-16F7-4668-BE54-9A1E7A4F7556}") = "AdvertBoard.DataAccess", "src\AdvertBoard\Infrastructure\AdvertBoard.DataAccess\AdvertBoard.DataAccess.csproj", "{EDAD942B-F8CC-481F-92D8-9082B1EB04AA}"
EndProject
Project("{9A19103F-16F7-4668-BE54-9A1E7A4F7556}") = "AdvertBoard.Migrations", "src\AdvertBoard\Infrastructure\AdvertBoard.Migrations\AdvertBoard.Migrations.csproj", "{EA7E58E8-4DA4-4CA1-93B6-C5FD40A1BB1A}"
EndProject
Global
	GlobalSection(SolutionConfigurationPlatforms) = preSolution
		Debug|Any CPU = Debug|Any CPU
		Release|Any CPU = Release|Any CPU
	EndGlobalSection
	GlobalSection(ProjectConfigurationPlatforms) = postSolution
		{526426D9-BF0E-4FF1-A3B5-7E09574B32B8}.Debug|Any CPU.ActiveCfg = Debug|Any CPU
		{526426D9-BF0E-4FF1-A3B5-7E09574B32B8}.Debug|Any CPU.Build.0 = Debug|Any CPU
		{526426D9-BF0E-4FF1-A3B5-7E09574B32B8}.Release|Any CPU.ActiveCfg = Release|Any CPU
		{526426D9-BF0E-4FF1-A3B5-7E09574B32B8}.Release|Any CPU.Build.0 = Release|Any CPU
		{DA9BC3EB-4D1E-44E1-8F75-908EE8C2E010}.Debug|Any CPU.ActiveCfg = Debug|Any CPU
		{DA9BC3EB-4D1E-44E1-8F75-908EE8C2E010}.Debug|Any CPU.Build.0 = Debug|Any CPU
		{DA9BC3EB-4D1E-44E1-8F75-908EE8C2E010}.Release|Any CPU.ActiveCfg = Release|Any CPU
		{DA9BC3EB-4D1E-44E1-8F75-908EE8C2E010}.Release|Any CPU.Build.0 = Release|Any CPU
		{353C02EF-E2E6-44D4-88E1-6DCB5C4B927F}.Debug|Any CPU.ActiveCfg = Debug|Any CPU
		{353C02EF-E2E6-44D4-88E1-6DCB5C4B927F}.Debug|Any CPU.Build.0 = Debug|Any CPU
		{353C02EF-E2E6-44D4-88E1-6DCB5C4B927F}.Release|Any CPU.ActiveCfg = Release|Any CPU
		{353C02EF-E2E6-44D4-88E1-6DCB5C4B927F}.Release|Any CPU.Build.0 = Release|Any CPU
		{3122B8A3-39D9-490A-8919-B5C770D42276}.Debug|Any CPU.ActiveCfg = Debug|Any CPU
		{3122B8A3-39D9-490A-8919-B5C770D42276}.Debug|Any CPU.Build.0 = Debug|Any CPU
		{3122B8A3-39D9-490A-8919-B5C770D42276}.Release|Any CPU.ActiveCfg = Release|Any CPU
		{3122B8A3-39D9-490A-8919-B5C770D42276}.Release|Any CPU.Build.0 = Release|Any CPU
		{0D3BBEAE-1E20-4812-B7D1-06CADBC7CA74}.Debug|Any CPU.ActiveCfg = Debug|Any CPU
		{0D3BBEAE-1E20-4812-B7D1-06CADBC7CA74}.Debug|Any CPU.Build.0 = Debug|Any CPU
		{0D3BBEAE-1E20-4812-B7D1-06CADBC7CA74}.Release|Any CPU.ActiveCfg = Release|Any CPU
		{0D3BBEAE-1E20-4812-B7D1-06CADBC7CA74}.Release|Any CPU.Build.0 = Release|Any CPU
		{1999E103-2930-4C83-B3A0-D18C5870AC7C}.Debug|Any CPU.ActiveCfg = Debug|Any CPU
		{1999E103-2930-4C83-B3A0-D18C5870AC7C}.Debug|Any CPU.Build.0 = Debug|Any CPU
		{1999E103-2930-4C83-B3A0-D18C5870AC7C}.Release|Any CPU.ActiveCfg = Release|Any CPU
		{1999E103-2930-4C83-B3A0-D18C5870AC7C}.Release|Any CPU.Build.0 = Release|Any CPU
		{EDAD942B-F8CC-481F-92D8-9082B1EB04AA}.Debug|Any CPU.ActiveCfg = Debug|Any CPU
		{EDAD942B-F8CC-481F-92D8-9082B1EB04AA}.Debug|Any CPU.Build.0 = Debug|Any CPU
		{EDAD942B-F8CC-481F-92D8-9082B1EB04AA}.Release|Any CPU.ActiveCfg = Release|Any CPU
		{EDAD942B-F8CC-481F-92D8-9082B1EB04AA}.Release|Any CPU.Build.0 = Release|Any CPU
		{EA7E58E8-4DA4-4CA1-93B6-C5FD40A1BB1A}.Debug|Any CPU.ActiveCfg = Debug|Any CPU
		{EA7E58E8-4DA4-4CA1-93B6-C5FD40A1BB1A}.Debug|Any CPU.Build.0 = Debug|Any CPU
		{EA7E58E8-4DA4-4CA1-93B6-C5FD40A1BB1A}.Release|Any CPU.ActiveCfg = Release|Any CPU
		{EA7E58E8-4DA4-4CA1-93B6-C5FD40A1BB1A}.Release|Any CPU.Build.0 = Release|Any CPU
	EndGlobalSection
	GlobalSection(SolutionProperties) = preSolution
		HideSolutionNode = FALSE
	EndGlobalSection
	GlobalSection(NestedProjects) = preSolution
		{0E443DCC-CE93-43FC-87C8-92E38C7BAF81} = {8684105F-1559-448A-994A-6C06DD08220E}
		{51A1C00C-FB75-492E-9B8F-B67654B9730F} = {0E443DCC-CE93-43FC-87C8-92E38C7BAF81}
		{A5C9A28C-4748-4428-A5CD-A72517C4059F} = {0E443DCC-CE93-43FC-87C8-92E38C7BAF81}
		{526426D9-BF0E-4FF1-A3B5-7E09574B32B8} = {A5C9A28C-4748-4428-A5CD-A72517C4059F}
		{94571733-122F-4E84-8FA4-0993CCEE0CC7} = {0E443DCC-CE93-43FC-87C8-92E38C7BAF81}
		{DA9BC3EB-4D1E-44E1-8F75-908EE8C2E010} = {94571733-122F-4E84-8FA4-0993CCEE0CC7}
		{353C02EF-E2E6-44D4-88E1-6DCB5C4B927F} = {76481BCD-7EBE-4CE5-8D8C-0CD24CD46ECC}
		{76481BCD-7EBE-4CE5-8D8C-0CD24CD46ECC} = {0E443DCC-CE93-43FC-87C8-92E38C7BAF81}
		{1B5D104C-AA79-4744-8078-A89342F0D6C5} = {0E443DCC-CE93-43FC-87C8-92E38C7BAF81}
		{3122B8A3-39D9-490A-8919-B5C770D42276} = {1B5D104C-AA79-4744-8078-A89342F0D6C5}
		{6B34C92E-5678-434C-8359-2188E6A8262B} = {0E443DCC-CE93-43FC-87C8-92E38C7BAF81}
		{0D3BBEAE-1E20-4812-B7D1-06CADBC7CA74} = {6B34C92E-5678-434C-8359-2188E6A8262B}
		{1999E103-2930-4C83-B3A0-D18C5870AC7C} = {51A1C00C-FB75-492E-9B8F-B67654B9730F}
		{EDAD942B-F8CC-481F-92D8-9082B1EB04AA} = {51A1C00C-FB75-492E-9B8F-B67654B9730F}
		{EA7E58E8-4DA4-4CA1-93B6-C5FD40A1BB1A} = {51A1C00C-FB75-492E-9B8F-B67654B9730F}
	EndGlobalSection
	GlobalSection(ExtensibilityGlobals) = postSolution
		SolutionGuid = {28167FBD-3ACD-4C6B-A70A-FC88313C5B7E}
	EndGlobalSection
EndGlobal
